
Microsoft Visual Studio Solution File, Format Version 12.00
# Visual Studio 15
VisualStudioVersion = 15.0.26730.16
MinimumVisualStudioVersion = 10.0.40219.1
Project("{FAE04EC0-301F-11D3-BF4B-00C04F79EFBC}") = "Problem 1. Choose a Drink", "Conditional Statements and Loops\Problem 1. Choose a Drink.csproj", "{74AF452A-04CD-4647-B24C-B81EE70E43A4}"
EndProject
Project("{FAE04EC0-301F-11D3-BF4B-00C04F79EFBC}") = "Problem 2. Choose a Drink 2.0", "Problem 2. Choose a Drink 2.0\Problem 2. Choose a Drink 2.0.csproj", "{93D5FBC4-DE62-4250-A8A0-A13329EF8B24}"
EndProject
Project("{FAE04EC0-301F-11D3-BF4B-00C04F79EFBC}") = "Problem 3. Restaurant Discount", "Problem 3. Restaurant Discount\Problem 3. Restaurant Discount.csproj", "{25741266-939D-45AA-8B5F-DE5956FF0F69}"
EndProject
Project("{FAE04EC0-301F-11D3-BF4B-00C04F79EFBC}") = "Problem 4. Hotel", "Problem 4. Hotel\Problem 4. Hotel.csproj", "{2137CD1E-7C2C-4AE3-A111-3FCE8898B640}"
EndProject
Project("{FAE04EC0-301F-11D3-BF4B-00C04F79EFBC}") = "Problem 5.  Word in Plural", "Problem 5.  Word in Plural\Problem 5.  Word in Plural.csproj", "{6D110784-E497-4105-AD6B-9F9F6DF167B3}"
EndProject
Project("{FAE04EC0-301F-11D3-BF4B-00C04F79EFBC}") = "Problem 6. Interval of Numbers", "Problem 6. Interval of Numbers\Problem 6. Interval of Numbers.csproj", "{408D3B27-ED2F-4E4E-BE7C-0BD0489FF303}"
EndProject
Project("{FAE04EC0-301F-11D3-BF4B-00C04F79EFBC}") = "Problem 7. Cake Ingredients", "Problem 7. Cake Ingredients\Problem 7. Cake Ingredients.csproj", "{9F5DF320-AD0A-4669-9137-898558416AC3}"
EndProject
Project("{FAE04EC0-301F-11D3-BF4B-00C04F79EFBC}") = "Problem 8. Calories Counter", "Problem 8. Calories Counter\Problem 8. Calories Counter.csproj", "{AEE9318A-9C15-41E2-8D18-083F0F135BC4}"
EndProject
Project("{FAE04EC0-301F-11D3-BF4B-00C04F79EFBC}") = "Problem 9. Count the Integers", "Problem 9. Count the Integers\Problem 9. Count the Integers.csproj", "{B062421F-1D01-4F66-A878-E8169F945D43}"
EndProject
Project("{FAE04EC0-301F-11D3-BF4B-00C04F79EFBC}") = "Problem 10. Triangle of Numbers", "Problem 10. Triangle of Numbers\Problem 10. Triangle of Numbers.csproj", "{56172C95-B129-45A1-A50B-B18C5B3F7CA2}"
EndProject
Project("{FAE04EC0-301F-11D3-BF4B-00C04F79EFBC}") = "Problem 11. 5 Different Numbers", "Problem 11. 5 Different Numbers\Problem 11. 5 Different Numbers.csproj", "{6F2CBCE3-64CA-4398-B47F-242F11C93D54}"
EndProject
Project("{FAE04EC0-301F-11D3-BF4B-00C04F79EFBC}") = "Problem 12. Test Numbers", "Problem 12. Test Numbers\Problem 12. Test Numbers.csproj", "{086B36DD-F4F9-4A92-A5CC-CDE255A2CA07}"
EndProject
Project("{FAE04EC0-301F-11D3-BF4B-00C04F79EFBC}") = "Problem 13. Game of Numbers", "Problem 13. Game of Numbers\Problem 13. Game of Numbers.csproj", "{390B8626-985A-4D0D-880F-43D0D6CFB4DC}"
EndProject
Project("{FAE04EC0-301F-11D3-BF4B-00C04F79EFBC}") = "Problem 14.  Magic Letter", "Problem 14.  Magic Letter\Problem 14.  Magic Letter.csproj", "{0060B4C3-764B-4C36-80D5-DCD8923B6F25}"
EndProject
Project("{FAE04EC0-301F-11D3-BF4B-00C04F79EFBC}") = "Problem 15.  Neighbour Wars", "Problem 15.  Neighbour Wars\Problem 15.  Neighbour Wars.csproj", "{DE0B3BDC-967A-48A7-AF19-D3A6DBECA879}"
EndProject
Global
	GlobalSection(SolutionConfigurationPlatforms) = preSolution
		Debug|Any CPU = Debug|Any CPU
		Release|Any CPU = Release|Any CPU
	EndGlobalSection
	GlobalSection(ProjectConfigurationPlatforms) = postSolution
		{74AF452A-04CD-4647-B24C-B81EE70E43A4}.Debug|Any CPU.ActiveCfg = Debug|Any CPU
		{74AF452A-04CD-4647-B24C-B81EE70E43A4}.Debug|Any CPU.Build.0 = Debug|Any CPU
		{74AF452A-04CD-4647-B24C-B81EE70E43A4}.Release|Any CPU.ActiveCfg = Release|Any CPU
		{74AF452A-04CD-4647-B24C-B81EE70E43A4}.Release|Any CPU.Build.0 = Release|Any CPU
		{93D5FBC4-DE62-4250-A8A0-A13329EF8B24}.Debug|Any CPU.ActiveCfg = Debug|Any CPU
		{93D5FBC4-DE62-4250-A8A0-A13329EF8B24}.Debug|Any CPU.Build.0 = Debug|Any CPU
		{93D5FBC4-DE62-4250-A8A0-A13329EF8B24}.Release|Any CPU.ActiveCfg = Release|Any CPU
		{93D5FBC4-DE62-4250-A8A0-A13329EF8B24}.Release|Any CPU.Build.0 = Release|Any CPU
		{25741266-939D-45AA-8B5F-DE5956FF0F69}.Debug|Any CPU.ActiveCfg = Debug|Any CPU
		{25741266-939D-45AA-8B5F-DE5956FF0F69}.Debug|Any CPU.Build.0 = Debug|Any CPU
		{25741266-939D-45AA-8B5F-DE5956FF0F69}.Release|Any CPU.ActiveCfg = Release|Any CPU
		{25741266-939D-45AA-8B5F-DE5956FF0F69}.Release|Any CPU.Build.0 = Release|Any CPU
		{2137CD1E-7C2C-4AE3-A111-3FCE8898B640}.Debug|Any CPU.ActiveCfg = Debug|Any CPU
		{2137CD1E-7C2C-4AE3-A111-3FCE8898B640}.Debug|Any CPU.Build.0 = Debug|Any CPU
		{2137CD1E-7C2C-4AE3-A111-3FCE8898B640}.Release|Any CPU.ActiveCfg = Release|Any CPU
		{2137CD1E-7C2C-4AE3-A111-3FCE8898B640}.Release|Any CPU.Build.0 = Release|Any CPU
		{6D110784-E497-4105-AD6B-9F9F6DF167B3}.Debug|Any CPU.ActiveCfg = Debug|Any CPU
		{6D110784-E497-4105-AD6B-9F9F6DF167B3}.Debug|Any CPU.Build.0 = Debug|Any CPU
		{6D110784-E497-4105-AD6B-9F9F6DF167B3}.Release|Any CPU.ActiveCfg = Release|Any CPU
		{6D110784-E497-4105-AD6B-9F9F6DF167B3}.Release|Any CPU.Build.0 = Release|Any CPU
		{408D3B27-ED2F-4E4E-BE7C-0BD0489FF303}.Debug|Any CPU.ActiveCfg = Debug|Any CPU
		{408D3B27-ED2F-4E4E-BE7C-0BD0489FF303}.Debug|Any CPU.Build.0 = Debug|Any CPU
		{408D3B27-ED2F-4E4E-BE7C-0BD0489FF303}.Release|Any CPU.ActiveCfg = Release|Any CPU
		{408D3B27-ED2F-4E4E-BE7C-0BD0489FF303}.Release|Any CPU.Build.0 = Release|Any CPU
		{9F5DF320-AD0A-4669-9137-898558416AC3}.Debug|Any CPU.ActiveCfg = Debug|Any CPU
		{9F5DF320-AD0A-4669-9137-898558416AC3}.Debug|Any CPU.Build.0 = Debug|Any CPU
		{9F5DF320-AD0A-4669-9137-898558416AC3}.Release|Any CPU.ActiveCfg = Release|Any CPU
		{9F5DF320-AD0A-4669-9137-898558416AC3}.Release|Any CPU.Build.0 = Release|Any CPU
		{AEE9318A-9C15-41E2-8D18-083F0F135BC4}.Debug|Any CPU.ActiveCfg = Debug|Any CPU
		{AEE9318A-9C15-41E2-8D18-083F0F135BC4}.Debug|Any CPU.Build.0 = Debug|Any CPU
		{AEE9318A-9C15-41E2-8D18-083F0F135BC4}.Release|Any CPU.ActiveCfg = Release|Any CPU
		{AEE9318A-9C15-41E2-8D18-083F0F135BC4}.Release|Any CPU.Build.0 = Release|Any CPU
		{B062421F-1D01-4F66-A878-E8169F945D43}.Debug|Any CPU.ActiveCfg = Debug|Any CPU
		{B062421F-1D01-4F66-A878-E8169F945D43}.Debug|Any CPU.Build.0 = Debug|Any CPU
		{B062421F-1D01-4F66-A878-E8169F945D43}.Release|Any CPU.ActiveCfg = Release|Any CPU
		{B062421F-1D01-4F66-A878-E8169F945D43}.Release|Any CPU.Build.0 = Release|Any CPU
		{56172C95-B129-45A1-A50B-B18C5B3F7CA2}.Debug|Any CPU.ActiveCfg = Debug|Any CPU
		{56172C95-B129-45A1-A50B-B18C5B3F7CA2}.Debug|Any CPU.Build.0 = Debug|Any CPU
		{56172C95-B129-45A1-A50B-B18C5B3F7CA2}.Release|Any CPU.ActiveCfg = Release|Any CPU
		{56172C95-B129-45A1-A50B-B18C5B3F7CA2}.Release|Any CPU.Build.0 = Release|Any CPU
		{6F2CBCE3-64CA-4398-B47F-242F11C93D54}.Debug|Any CPU.ActiveCfg = Debug|Any CPU
		{6F2CBCE3-64CA-4398-B47F-242F11C93D54}.Debug|Any CPU.Build.0 = Debug|Any CPU
		{6F2CBCE3-64CA-4398-B47F-242F11C93D54}.Release|Any CPU.ActiveCfg = Release|Any CPU
		{6F2CBCE3-64CA-4398-B47F-242F11C93D54}.Release|Any CPU.Build.0 = Release|Any CPU
		{086B36DD-F4F9-4A92-A5CC-CDE255A2CA07}.Debug|Any CPU.ActiveCfg = Debug|Any CPU
		{086B36DD-F4F9-4A92-A5CC-CDE255A2CA07}.Debug|Any CPU.Build.0 = Debug|Any CPU
		{086B36DD-F4F9-4A92-A5CC-CDE255A2CA07}.Release|Any CPU.ActiveCfg = Release|Any CPU
		{086B36DD-F4F9-4A92-A5CC-CDE255A2CA07}.Release|Any CPU.Build.0 = Release|Any CPU
		{390B8626-985A-4D0D-880F-43D0D6CFB4DC}.Debug|Any CPU.ActiveCfg = Debug|Any CPU
		{390B8626-985A-4D0D-880F-43D0D6CFB4DC}.Debug|Any CPU.Build.0 = Debug|Any CPU
		{390B8626-985A-4D0D-880F-43D0D6CFB4DC}.Release|Any CPU.ActiveCfg = Release|Any CPU
		{390B8626-985A-4D0D-880F-43D0D6CFB4DC}.Release|Any CPU.Build.0 = Release|Any CPU
		{0060B4C3-764B-4C36-80D5-DCD8923B6F25}.Debug|Any CPU.ActiveCfg = Debug|Any CPU
		{0060B4C3-764B-4C36-80D5-DCD8923B6F25}.Debug|Any CPU.Build.0 = Debug|Any CPU
		{0060B4C3-764B-4C36-80D5-DCD8923B6F25}.Release|Any CPU.ActiveCfg = Release|Any CPU
		{0060B4C3-764B-4C36-80D5-DCD8923B6F25}.Release|Any CPU.Build.0 = Release|Any CPU
		{DE0B3BDC-967A-48A7-AF19-D3A6DBECA879}.Debug|Any CPU.ActiveCfg = Debug|Any CPU
		{DE0B3BDC-967A-48A7-AF19-D3A6DBECA879}.Debug|Any CPU.Build.0 = Debug|Any CPU
		{DE0B3BDC-967A-48A7-AF19-D3A6DBECA879}.Release|Any CPU.ActiveCfg = Release|Any CPU
		{DE0B3BDC-967A-48A7-AF19-D3A6DBECA879}.Release|Any CPU.Build.0 = Release|Any CPU
	EndGlobalSection
	GlobalSection(SolutionProperties) = preSolution
		HideSolutionNode = FALSE
	EndGlobalSection
	GlobalSection(ExtensibilityGlobals) = postSolution
		SolutionGuid = {594EB060-C54F-4E57-9F16-4FBB64DAA4FF}
	EndGlobalSection
EndGlobal
